// !$*UTF8*$!
{
	archiveVersion = 1;
	classes = {
	};
	objectVersion = 46;
	objects = {

/* Begin PBXBuildFile section */
		315B5511324E8E8AE61BD459 /* Pods_MyFrameworkTestPKTests.framework in Frameworks */ = {isa = PBXBuildFile; fileRef = A91A485B470D6DDE44C48F0C /* Pods_MyFrameworkTestPKTests.framework */; };
		9F5BB7DB44C846C95BA5C70E /* Pods_MyFrameworkTestPKUITests.framework in Frameworks */ = {isa = PBXBuildFile; fileRef = 3EB100CB0623D1491A192AD5 /* Pods_MyFrameworkTestPKUITests.framework */; };
		A94CEA461E800AD70079D31C /* AppDelegate.swift in Sources */ = {isa = PBXBuildFile; fileRef = A94CEA451E800AD70079D31C /* AppDelegate.swift */; };
		A94CEA481E800AD70079D31C /* ViewController.swift in Sources */ = {isa = PBXBuildFile; fileRef = A94CEA471E800AD70079D31C /* ViewController.swift */; };
		A94CEA4B1E800AD70079D31C /* Main.storyboard in Resources */ = {isa = PBXBuildFile; fileRef = A94CEA491E800AD70079D31C /* Main.storyboard */; };
		A94CEA4D1E800AD70079D31C /* Assets.xcassets in Resources */ = {isa = PBXBuildFile; fileRef = A94CEA4C1E800AD70079D31C /* Assets.xcassets */; };
		A94CEA501E800AD70079D31C /* LaunchScreen.storyboard in Resources */ = {isa = PBXBuildFile; fileRef = A94CEA4E1E800AD70079D31C /* LaunchScreen.storyboard */; };
		A94CEA5B1E800AD70079D31C /* MyFrameworkTestPKTests.swift in Sources */ = {isa = PBXBuildFile; fileRef = A94CEA5A1E800AD70079D31C /* MyFrameworkTestPKTests.swift */; };
		A94CEA661E800AD70079D31C /* MyFrameworkTestPKUITests.swift in Sources */ = {isa = PBXBuildFile; fileRef = A94CEA651E800AD70079D31C /* MyFrameworkTestPKUITests.swift */; };
		EFEF2EBE434CC28254F3AFE7 /* Pods_MyFrameworkTestPK.framework in Frameworks */ = {isa = PBXBuildFile; fileRef = 852809FB8A5E1085FBB8FCA2 /* Pods_MyFrameworkTestPK.framework */; };
/* End PBXBuildFile section */

/* Begin PBXContainerItemProxy section */
		A94CEA571E800AD70079D31C /* PBXContainerItemProxy */ = {
			isa = PBXContainerItemProxy;
			containerPortal = A94CEA3A1E800AD70079D31C /* Project object */;
			proxyType = 1;
			remoteGlobalIDString = A94CEA411E800AD70079D31C;
			remoteInfo = MyFrameworkTestPK;
		};
		A94CEA621E800AD70079D31C /* PBXContainerItemProxy */ = {
			isa = PBXContainerItemProxy;
			containerPortal = A94CEA3A1E800AD70079D31C /* Project object */;
			proxyType = 1;
			remoteGlobalIDString = A94CEA411E800AD70079D31C;
			remoteInfo = MyFrameworkTestPK;
		};
/* End PBXContainerItemProxy section */

/* Begin PBXFileReference section */
		3EB100CB0623D1491A192AD5 /* Pods_MyFrameworkTestPKUITests.framework */ = {isa = PBXFileReference; explicitFileType = wrapper.framework; includeInIndex = 0; path = Pods_MyFrameworkTestPKUITests.framework; sourceTree = BUILT_PRODUCTS_DIR; };
		618284CD23181F0FFFF1D212 /* Pods-MyFrameworkTestPKTests.debug.xcconfig */ = {isa = PBXFileReference; includeInIndex = 1; lastKnownFileType = text.xcconfig; name = "Pods-MyFrameworkTestPKTests.debug.xcconfig"; path = "Pods/Target Support Files/Pods-MyFrameworkTestPKTests/Pods-MyFrameworkTestPKTests.debug.xcconfig"; sourceTree = "<group>"; };
		6494F55E5B18F66CB2CB3E7A /* Pods-MyFrameworkTestPKTests.release.xcconfig */ = {isa = PBXFileReference; includeInIndex = 1; lastKnownFileType = text.xcconfig; name = "Pods-MyFrameworkTestPKTests.release.xcconfig"; path = "Pods/Target Support Files/Pods-MyFrameworkTestPKTests/Pods-MyFrameworkTestPKTests.release.xcconfig"; sourceTree = "<group>"; };
		852809FB8A5E1085FBB8FCA2 /* Pods_MyFrameworkTestPK.framework */ = {isa = PBXFileReference; explicitFileType = wrapper.framework; includeInIndex = 0; path = Pods_MyFrameworkTestPK.framework; sourceTree = BUILT_PRODUCTS_DIR; };
		8BC675B9A18B791D99F11522 /* Pods-MyFrameworkTestPK.release.xcconfig */ = {isa = PBXFileReference; includeInIndex = 1; lastKnownFileType = text.xcconfig; name = "Pods-MyFrameworkTestPK.release.xcconfig"; path = "Pods/Target Support Files/Pods-MyFrameworkTestPK/Pods-MyFrameworkTestPK.release.xcconfig"; sourceTree = "<group>"; };
		A91A485B470D6DDE44C48F0C /* Pods_MyFrameworkTestPKTests.framework */ = {isa = PBXFileReference; explicitFileType = wrapper.framework; includeInIndex = 0; path = Pods_MyFrameworkTestPKTests.framework; sourceTree = BUILT_PRODUCTS_DIR; };
		A94CEA421E800AD70079D31C /* MyFrameworkTestPK.app */ = {isa = PBXFileReference; explicitFileType = wrapper.application; includeInIndex = 0; path = MyFrameworkTestPK.app; sourceTree = BUILT_PRODUCTS_DIR; };
		A94CEA451E800AD70079D31C /* AppDelegate.swift */ = {isa = PBXFileReference; lastKnownFileType = sourcecode.swift; path = AppDelegate.swift; sourceTree = "<group>"; };
		A94CEA471E800AD70079D31C /* ViewController.swift */ = {isa = PBXFileReference; lastKnownFileType = sourcecode.swift; path = ViewController.swift; sourceTree = "<group>"; };
		A94CEA4A1E800AD70079D31C /* Base */ = {isa = PBXFileReference; lastKnownFileType = file.storyboard; name = Base; path = Base.lproj/Main.storyboard; sourceTree = "<group>"; };
		A94CEA4C1E800AD70079D31C /* Assets.xcassets */ = {isa = PBXFileReference; lastKnownFileType = folder.assetcatalog; path = Assets.xcassets; sourceTree = "<group>"; };
		A94CEA4F1E800AD70079D31C /* Base */ = {isa = PBXFileReference; lastKnownFileType = file.storyboard; name = Base; path = Base.lproj/LaunchScreen.storyboard; sourceTree = "<group>"; };
		A94CEA511E800AD70079D31C /* Info.plist */ = {isa = PBXFileReference; lastKnownFileType = text.plist.xml; path = Info.plist; sourceTree = "<group>"; };
		A94CEA561E800AD70079D31C /* MyFrameworkTestPKTests.xctest */ = {isa = PBXFileReference; explicitFileType = wrapper.cfbundle; includeInIndex = 0; path = MyFrameworkTestPKTests.xctest; sourceTree = BUILT_PRODUCTS_DIR; };
		A94CEA5A1E800AD70079D31C /* MyFrameworkTestPKTests.swift */ = {isa = PBXFileReference; lastKnownFileType = sourcecode.swift; path = MyFrameworkTestPKTests.swift; sourceTree = "<group>"; };
		A94CEA5C1E800AD70079D31C /* Info.plist */ = {isa = PBXFileReference; lastKnownFileType = text.plist.xml; path = Info.plist; sourceTree = "<group>"; };
		A94CEA611E800AD70079D31C /* MyFrameworkTestPKUITests.xctest */ = {isa = PBXFileReference; explicitFileType = wrapper.cfbundle; includeInIndex = 0; path = MyFrameworkTestPKUITests.xctest; sourceTree = BUILT_PRODUCTS_DIR; };
		A94CEA651E800AD70079D31C /* MyFrameworkTestPKUITests.swift */ = {isa = PBXFileReference; lastKnownFileType = sourcecode.swift; path = MyFrameworkTestPKUITests.swift; sourceTree = "<group>"; };
		A94CEA671E800AD70079D31C /* Info.plist */ = {isa = PBXFileReference; lastKnownFileType = text.plist.xml; path = Info.plist; sourceTree = "<group>"; };
		BC9F7112A1CE5407F1347088 /* Pods-MyFrameworkTestPKUITests.release.xcconfig */ = {isa = PBXFileReference; includeInIndex = 1; lastKnownFileType = text.xcconfig; name = "Pods-MyFrameworkTestPKUITests.release.xcconfig"; path = "Pods/Target Support Files/Pods-MyFrameworkTestPKUITests/Pods-MyFrameworkTestPKUITests.release.xcconfig"; sourceTree = "<group>"; };
		C004B1A87AE429358EF64198 /* Pods-MyFrameworkTestPK.debug.xcconfig */ = {isa = PBXFileReference; includeInIndex = 1; lastKnownFileType = text.xcconfig; name = "Pods-MyFrameworkTestPK.debug.xcconfig"; path = "Pods/Target Support Files/Pods-MyFrameworkTestPK/Pods-MyFrameworkTestPK.debug.xcconfig"; sourceTree = "<group>"; };
		D9485323A08E6DD38D8B66EF /* Pods-MyFrameworkTestPKUITests.debug.xcconfig */ = {isa = PBXFileReference; includeInIndex = 1; lastKnownFileType = text.xcconfig; name = "Pods-MyFrameworkTestPKUITests.debug.xcconfig"; path = "Pods/Target Support Files/Pods-MyFrameworkTestPKUITests/Pods-MyFrameworkTestPKUITests.debug.xcconfig"; sourceTree = "<group>"; };
/* End PBXFileReference section */

/* Begin PBXFrameworksBuildPhase section */
		A94CEA3F1E800AD70079D31C /* Frameworks */ = {
			isa = PBXFrameworksBuildPhase;
			buildActionMask = 2147483647;
			files = (
				EFEF2EBE434CC28254F3AFE7 /* Pods_MyFrameworkTestPK.framework in Frameworks */,
			);
			runOnlyForDeploymentPostprocessing = 0;
		};
		A94CEA531E800AD70079D31C /* Frameworks */ = {
			isa = PBXFrameworksBuildPhase;
			buildActionMask = 2147483647;
			files = (
				315B5511324E8E8AE61BD459 /* Pods_MyFrameworkTestPKTests.framework in Frameworks */,
			);
			runOnlyForDeploymentPostprocessing = 0;
		};
		A94CEA5E1E800AD70079D31C /* Frameworks */ = {
			isa = PBXFrameworksBuildPhase;
			buildActionMask = 2147483647;
			files = (
				9F5BB7DB44C846C95BA5C70E /* Pods_MyFrameworkTestPKUITests.framework in Frameworks */,
			);
			runOnlyForDeploymentPostprocessing = 0;
		};
/* End PBXFrameworksBuildPhase section */

/* Begin PBXGroup section */
		3D4FB4E516D5A0486D74E473 /* Frameworks */ = {
			isa = PBXGroup;
			children = (
				852809FB8A5E1085FBB8FCA2 /* Pods_MyFrameworkTestPK.framework */,
				A91A485B470D6DDE44C48F0C /* Pods_MyFrameworkTestPKTests.framework */,
				3EB100CB0623D1491A192AD5 /* Pods_MyFrameworkTestPKUITests.framework */,
			);
			name = Frameworks;
			sourceTree = "<group>";
		};
		687865F5942851EC91A770FA /* Pods */ = {
			isa = PBXGroup;
			children = (
				C004B1A87AE429358EF64198 /* Pods-MyFrameworkTestPK.debug.xcconfig */,
				8BC675B9A18B791D99F11522 /* Pods-MyFrameworkTestPK.release.xcconfig */,
				618284CD23181F0FFFF1D212 /* Pods-MyFrameworkTestPKTests.debug.xcconfig */,
				6494F55E5B18F66CB2CB3E7A /* Pods-MyFrameworkTestPKTests.release.xcconfig */,
				D9485323A08E6DD38D8B66EF /* Pods-MyFrameworkTestPKUITests.debug.xcconfig */,
				BC9F7112A1CE5407F1347088 /* Pods-MyFrameworkTestPKUITests.release.xcconfig */,
			);
			name = Pods;
			sourceTree = "<group>";
		};
		A94CEA391E800AD70079D31C = {
			isa = PBXGroup;
			children = (
				A94CEA441E800AD70079D31C /* MyFrameworkTestPK */,
				A94CEA591E800AD70079D31C /* MyFrameworkTestPKTests */,
				A94CEA641E800AD70079D31C /* MyFrameworkTestPKUITests */,
				A94CEA431E800AD70079D31C /* Products */,
				687865F5942851EC91A770FA /* Pods */,
				3D4FB4E516D5A0486D74E473 /* Frameworks */,
			);
			sourceTree = "<group>";
		};
		A94CEA431E800AD70079D31C /* Products */ = {
			isa = PBXGroup;
			children = (
				A94CEA421E800AD70079D31C /* MyFrameworkTestPK.app */,
				A94CEA561E800AD70079D31C /* MyFrameworkTestPKTests.xctest */,
				A94CEA611E800AD70079D31C /* MyFrameworkTestPKUITests.xctest */,
			);
			name = Products;
			sourceTree = "<group>";
		};
		A94CEA441E800AD70079D31C /* MyFrameworkTestPK */ = {
			isa = PBXGroup;
			children = (
				A94CEA451E800AD70079D31C /* AppDelegate.swift */,
				A94CEA471E800AD70079D31C /* ViewController.swift */,
				A94CEA491E800AD70079D31C /* Main.storyboard */,
				A94CEA4C1E800AD70079D31C /* Assets.xcassets */,
				A94CEA4E1E800AD70079D31C /* LaunchScreen.storyboard */,
				A94CEA511E800AD70079D31C /* Info.plist */,
			);
			path = MyFrameworkTestPK;
			sourceTree = "<group>";
		};
		A94CEA591E800AD70079D31C /* MyFrameworkTestPKTests */ = {
			isa = PBXGroup;
			children = (
				A94CEA5A1E800AD70079D31C /* MyFrameworkTestPKTests.swift */,
				A94CEA5C1E800AD70079D31C /* Info.plist */,
			);
			path = MyFrameworkTestPKTests;
			sourceTree = "<group>";
		};
		A94CEA641E800AD70079D31C /* MyFrameworkTestPKUITests */ = {
			isa = PBXGroup;
			children = (
				A94CEA651E800AD70079D31C /* MyFrameworkTestPKUITests.swift */,
				A94CEA671E800AD70079D31C /* Info.plist */,
			);
			path = MyFrameworkTestPKUITests;
			sourceTree = "<group>";
		};
/* End PBXGroup section */

/* Begin PBXNativeTarget section */
		A94CEA411E800AD70079D31C /* MyFrameworkTestPK */ = {
			isa = PBXNativeTarget;
			buildConfigurationList = A94CEA6A1E800AD70079D31C /* Build configuration list for PBXNativeTarget "MyFrameworkTestPK" */;
			buildPhases = (
				419D4DF544A3622333E46EAE /* [CP] Check Pods Manifest.lock */,
				A94CEA3E1E800AD70079D31C /* Sources */,
				A94CEA3F1E800AD70079D31C /* Frameworks */,
				A94CEA401E800AD70079D31C /* Resources */,
				ACB9C504F5C3C8E7BFA46CD9 /* [CP] Embed Pods Frameworks */,
				8BBDF6FB603455A0DD9248A6 /* [CP] Copy Pods Resources */,
			);
			buildRules = (
			);
			dependencies = (
			);
			name = MyFrameworkTestPK;
			productName = MyFrameworkTestPK;
			productReference = A94CEA421E800AD70079D31C /* MyFrameworkTestPK.app */;
			productType = "com.apple.product-type.application";
		};
		A94CEA551E800AD70079D31C /* MyFrameworkTestPKTests */ = {
			isa = PBXNativeTarget;
			buildConfigurationList = A94CEA6D1E800AD70079D31C /* Build configuration list for PBXNativeTarget "MyFrameworkTestPKTests" */;
			buildPhases = (
				A14F51E49EF23C378090A82E /* [CP] Check Pods Manifest.lock */,
				A94CEA521E800AD70079D31C /* Sources */,
				A94CEA531E800AD70079D31C /* Frameworks */,
				A94CEA541E800AD70079D31C /* Resources */,
				A5D70362BFEE74AB8370DEB1 /* [CP] Embed Pods Frameworks */,
				1ED51BE9C6F2E06EDBB440F3 /* [CP] Copy Pods Resources */,
			);
			buildRules = (
			);
			dependencies = (
				A94CEA581E800AD70079D31C /* PBXTargetDependency */,
			);
			name = MyFrameworkTestPKTests;
			productName = MyFrameworkTestPKTests;
			productReference = A94CEA561E800AD70079D31C /* MyFrameworkTestPKTests.xctest */;
			productType = "com.apple.product-type.bundle.unit-test";
		};
		A94CEA601E800AD70079D31C /* MyFrameworkTestPKUITests */ = {
			isa = PBXNativeTarget;
			buildConfigurationList = A94CEA701E800AD70079D31C /* Build configuration list for PBXNativeTarget "MyFrameworkTestPKUITests" */;
			buildPhases = (
				364F062A857BBA9B49BF8B46 /* [CP] Check Pods Manifest.lock */,
				A94CEA5D1E800AD70079D31C /* Sources */,
				A94CEA5E1E800AD70079D31C /* Frameworks */,
				A94CEA5F1E800AD70079D31C /* Resources */,
				3DDF91A55943923126770645 /* [CP] Embed Pods Frameworks */,
				333BBC1652270D8A41FA6F53 /* [CP] Copy Pods Resources */,
			);
			buildRules = (
			);
			dependencies = (
				A94CEA631E800AD70079D31C /* PBXTargetDependency */,
			);
			name = MyFrameworkTestPKUITests;
			productName = MyFrameworkTestPKUITests;
			productReference = A94CEA611E800AD70079D31C /* MyFrameworkTestPKUITests.xctest */;
			productType = "com.apple.product-type.bundle.ui-testing";
		};
/* End PBXNativeTarget section */

/* Begin PBXProject section */
		A94CEA3A1E800AD70079D31C /* Project object */ = {
			isa = PBXProject;
			attributes = {
				LastSwiftUpdateCheck = 0820;
				LastUpgradeCheck = 0820;
				ORGANIZATIONNAME = pratik;
				TargetAttributes = {
					A94CEA411E800AD70079D31C = {
						CreatedOnToolsVersion = 8.2;
						DevelopmentTeam = NSX254PG58;
						ProvisioningStyle = Automatic;
					};
					A94CEA551E800AD70079D31C = {
						CreatedOnToolsVersion = 8.2;
						DevelopmentTeam = NSX254PG58;
						ProvisioningStyle = Automatic;
						TestTargetID = A94CEA411E800AD70079D31C;
					};
					A94CEA601E800AD70079D31C = {
						CreatedOnToolsVersion = 8.2;
						DevelopmentTeam = NSX254PG58;
						ProvisioningStyle = Automatic;
						TestTargetID = A94CEA411E800AD70079D31C;
					};
				};
			};
			buildConfigurationList = A94CEA3D1E800AD70079D31C /* Build configuration list for PBXProject "MyFrameworkTestPK" */;
			compatibilityVersion = "Xcode 3.2";
			developmentRegion = English;
			hasScannedForEncodings = 0;
			knownRegions = (
				en,
				Base,
			);
			mainGroup = A94CEA391E800AD70079D31C;
			productRefGroup = A94CEA431E800AD70079D31C /* Products */;
			projectDirPath = "";
			projectRoot = "";
			targets = (
				A94CEA411E800AD70079D31C /* MyFrameworkTestPK */,
				A94CEA551E800AD70079D31C /* MyFrameworkTestPKTests */,
				A94CEA601E800AD70079D31C /* MyFrameworkTestPKUITests */,
			);
		};
/* End PBXProject section */

/* Begin PBXResourcesBuildPhase section */
		A94CEA401E800AD70079D31C /* Resources */ = {
			isa = PBXResourcesBuildPhase;
			buildActionMask = 2147483647;
			files = (
				A94CEA501E800AD70079D31C /* LaunchScreen.storyboard in Resources */,
				A94CEA4D1E800AD70079D31C /* Assets.xcassets in Resources */,
				A94CEA4B1E800AD70079D31C /* Main.storyboard in Resources */,
			);
			runOnlyForDeploymentPostprocessing = 0;
		};
		A94CEA541E800AD70079D31C /* Resources */ = {
			isa = PBXResourcesBuildPhase;
			buildActionMask = 2147483647;
			files = (
			);
			runOnlyForDeploymentPostprocessing = 0;
		};
		A94CEA5F1E800AD70079D31C /* Resources */ = {
			isa = PBXResourcesBuildPhase;
			buildActionMask = 2147483647;
			files = (
			);
			runOnlyForDeploymentPostprocessing = 0;
		};
/* End PBXResourcesBuildPhase section */

/* Begin PBXShellScriptBuildPhase section */
		1ED51BE9C6F2E06EDBB440F3 /* [CP] Copy Pods Resources */ = {
			isa = PBXShellScriptBuildPhase;
			buildActionMask = 2147483647;
			files = (
			);
			inputPaths = (
			);
			name = "[CP] Copy Pods Resources";
			outputPaths = (
			);
			runOnlyForDeploymentPostprocessing = 0;
			shellPath = /bin/sh;
			shellScript = "\"${SRCROOT}/Pods/Target Support Files/Pods-MyFrameworkTestPKTests/Pods-MyFrameworkTestPKTests-resources.sh\"\n";
			showEnvVarsInLog = 0;
		};
		333BBC1652270D8A41FA6F53 /* [CP] Copy Pods Resources */ = {
			isa = PBXShellScriptBuildPhase;
			buildActionMask = 2147483647;
			files = (
			);
			inputPaths = (
			);
			name = "[CP] Copy Pods Resources";
			outputPaths = (
			);
			runOnlyForDeploymentPostprocessing = 0;
			shellPath = /bin/sh;
			shellScript = "\"${SRCROOT}/Pods/Target Support Files/Pods-MyFrameworkTestPKUITests/Pods-MyFrameworkTestPKUITests-resources.sh\"\n";
			showEnvVarsInLog = 0;
		};
		364F062A857BBA9B49BF8B46 /* [CP] Check Pods Manifest.lock */ = {
			isa = PBXShellScriptBuildPhase;
			buildActionMask = 2147483647;
			files = (
			);
			inputPaths = (
			);
			name = "[CP] Check Pods Manifest.lock";
			outputPaths = (
			);
			runOnlyForDeploymentPostprocessing = 0;
			shellPath = /bin/sh;
			shellScript = "diff \"${PODS_ROOT}/../Podfile.lock\" \"${PODS_ROOT}/Manifest.lock\" > /dev/null\nif [ $? != 0 ] ; then\n    # print error to STDERR\n    echo \"error: The sandbox is not in sync with the Podfile.lock. Run 'pod install' or update your CocoaPods installation.\" >&2\n    exit 1\nfi\n";
			showEnvVarsInLog = 0;
		};
		3DDF91A55943923126770645 /* [CP] Embed Pods Frameworks */ = {
			isa = PBXShellScriptBuildPhase;
			buildActionMask = 2147483647;
			files = (
			);
			inputPaths = (
			);
			name = "[CP] Embed Pods Frameworks";
			outputPaths = (
			);
			runOnlyForDeploymentPostprocessing = 0;
			shellPath = /bin/sh;
			shellScript = "\"${SRCROOT}/Pods/Target Support Files/Pods-MyFrameworkTestPKUITests/Pods-MyFrameworkTestPKUITests-frameworks.sh\"\n";
			showEnvVarsInLog = 0;
		};
		419D4DF544A3622333E46EAE /* [CP] Check Pods Manifest.lock */ = {
			isa = PBXShellScriptBuildPhase;
			buildActionMask = 2147483647;
			files = (
			);
			inputPaths = (
			);
			name = "[CP] Check Pods Manifest.lock";
			outputPaths = (
			);
			runOnlyForDeploymentPostprocessing = 0;
			shellPath = /bin/sh;
			shellScript = "diff \"${PODS_ROOT}/../Podfile.lock\" \"${PODS_ROOT}/Manifest.lock\" > /dev/null\nif [ $? != 0 ] ; then\n    # print error to STDERR\n    echo \"error: The sandbox is not in sync with the Podfile.lock. Run 'pod install' or update your CocoaPods installation.\" >&2\n    exit 1\nfi\n";
			showEnvVarsInLog = 0;
		};
		8BBDF6FB603455A0DD9248A6 /* [CP] Copy Pods Resources */ = {
			isa = PBXShellScriptBuildPhase;
			buildActionMask = 2147483647;
			files = (
			);
			inputPaths = (
			);
			name = "[CP] Copy Pods Resources";
			outputPaths = (
			);
			runOnlyForDeploymentPostprocessing = 0;
			shellPath = /bin/sh;
			shellScript = "\"${SRCROOT}/Pods/Target Support Files/Pods-MyFrameworkTestPK/Pods-MyFrameworkTestPK-resources.sh\"\n";
			showEnvVarsInLog = 0;
		};
		A14F51E49EF23C378090A82E /* [CP] Check Pods Manifest.lock */ = {
			isa = PBXShellScriptBuildPhase;
			buildActionMask = 2147483647;
			files = (
			);
			inputPaths = (
			);
			name = "[CP] Check Pods Manifest.lock";
			outputPaths = (
			);
			runOnlyForDeploymentPostprocessing = 0;
			shellPath = /bin/sh;
			shellScript = "diff \"${PODS_ROOT}/../Podfile.lock\" \"${PODS_ROOT}/Manifest.lock\" > /dev/null\nif [ $? != 0 ] ; then\n    # print error to STDERR\n    echo \"error: The sandbox is not in sync with the Podfile.lock. Run 'pod install' or update your CocoaPods installation.\" >&2\n    exit 1\nfi\n";
			showEnvVarsInLog = 0;
		};
		A5D70362BFEE74AB8370DEB1 /* [CP] Embed Pods Frameworks */ = {
			isa = PBXShellScriptBuildPhase;
			buildActionMask = 2147483647;
			files = (
			);
			inputPaths = (
			);
			name = "[CP] Embed Pods Frameworks";
			outputPaths = (
			);
			runOnlyForDeploymentPostprocessing = 0;
			shellPath = /bin/sh;
			shellScript = "\"${SRCROOT}/Pods/Target Support Files/Pods-MyFrameworkTestPKTests/Pods-MyFrameworkTestPKTests-frameworks.sh\"\n";
			showEnvVarsInLog = 0;
		};
		ACB9C504F5C3C8E7BFA46CD9 /* [CP] Embed Pods Frameworks */ = {
			isa = PBXShellScriptBuildPhase;
			buildActionMask = 2147483647;
			files = (
			);
			inputPaths = (
			);
			name = "[CP] Embed Pods Frameworks";
			outputPaths = (
			);
			runOnlyForDeploymentPostprocessing = 0;
			shellPath = /bin/sh;
			shellScript = "\"${SRCROOT}/Pods/Target Support Files/Pods-MyFrameworkTestPK/Pods-MyFrameworkTestPK-frameworks.sh\"\n";
			showEnvVarsInLog = 0;
		};
/* End PBXShellScriptBuildPhase section */

/* Begin PBXSourcesBuildPhase section */
		A94CEA3E1E800AD70079D31C /* Sources */ = {
			isa = PBXSourcesBuildPhase;
			buildActionMask = 2147483647;
			files = (
				A94CEA481E800AD70079D31C /* ViewController.swift in Sources */,
				A94CEA461E800AD70079D31C /* AppDelegate.swift in Sources */,
			);
			runOnlyForDeploymentPostprocessing = 0;
		};
		A94CEA521E800AD70079D31C /* Sources */ = {
			isa = PBXSourcesBuildPhase;
			buildActionMask = 2147483647;
			files = (
				A94CEA5B1E800AD70079D31C /* MyFrameworkTestPKTests.swift in Sources */,
			);
			runOnlyForDeploymentPostprocessing = 0;
		};
		A94CEA5D1E800AD70079D31C /* Sources */ = {
			isa = PBXSourcesBuildPhase;
			buildActionMask = 2147483647;
			files = (
				A94CEA661E800AD70079D31C /* MyFrameworkTestPKUITests.swift in Sources */,
			);
			runOnlyForDeploymentPostprocessing = 0;
		};
/* End PBXSourcesBuildPhase section */

/* Begin PBXTargetDependency section */
		A94CEA581E800AD70079D31C /* PBXTargetDependency */ = {
			isa = PBXTargetDependency;
			target = A94CEA411E800AD70079D31C /* MyFrameworkTestPK */;
			targetProxy = A94CEA571E800AD70079D31C /* PBXContainerItemProxy */;
		};
		A94CEA631E800AD70079D31C /* PBXTargetDependency */ = {
			isa = PBXTargetDependency;
			target = A94CEA411E800AD70079D31C /* MyFrameworkTestPK */;
			targetProxy = A94CEA621E800AD70079D31C /* PBXContainerItemProxy */;
		};
/* End PBXTargetDependency section */

/* Begin PBXVariantGroup section */
		A94CEA491E800AD70079D31C /* Main.storyboard */ = {
			isa = PBXVariantGroup;
			children = (
				A94CEA4A1E800AD70079D31C /* Base */,
			);
			name = Main.storyboard;
			sourceTree = "<group>";
		};
		A94CEA4E1E800AD70079D31C /* LaunchScreen.storyboard */ = {
			isa = PBXVariantGroup;
			children = (
				A94CEA4F1E800AD70079D31C /* Base */,
			);
			name = LaunchScreen.storyboard;
			sourceTree = "<group>";
		};
/* End PBXVariantGroup section */

/* Begin XCBuildConfiguration section */
		A94CEA681E800AD70079D31C /* Debug */ = {
			isa = XCBuildConfiguration;
			buildSettings = {
				ALWAYS_SEARCH_USER_PATHS = NO;
				CLANG_ANALYZER_NONNULL = YES;
				CLANG_CXX_LANGUAGE_STANDARD = "gnu++0x";
				CLANG_CXX_LIBRARY = "libc++";
				CLANG_ENABLE_MODULES = YES;
				CLANG_ENABLE_OBJC_ARC = YES;
				CLANG_WARN_BOOL_CONVERSION = YES;
				CLANG_WARN_CONSTANT_CONVERSION = YES;
				CLANG_WARN_DIRECT_OBJC_ISA_USAGE = YES_ERROR;
				CLANG_WARN_DOCUMENTATION_COMMENTS = YES;
				CLANG_WARN_EMPTY_BODY = YES;
				CLANG_WARN_ENUM_CONVERSION = YES;
				CLANG_WARN_INFINITE_RECURSION = YES;
				CLANG_WARN_INT_CONVERSION = YES;
				CLANG_WARN_OBJC_ROOT_CLASS = YES_ERROR;
				CLANG_WARN_SUSPICIOUS_MOVE = YES;
				CLANG_WARN_UNREACHABLE_CODE = YES;
				CLANG_WARN__DUPLICATE_METHOD_MATCH = YES;
				"CODE_SIGN_IDENTITY[sdk=iphoneos*]" = "iPhone Developer";
				COPY_PHASE_STRIP = NO;
				DEBUG_INFORMATION_FORMAT = dwarf;
				ENABLE_STRICT_OBJC_MSGSEND = YES;
				ENABLE_TESTABILITY = YES;
				GCC_C_LANGUAGE_STANDARD = gnu99;
				GCC_DYNAMIC_NO_PIC = NO;
				GCC_NO_COMMON_BLOCKS = YES;
				GCC_OPTIMIZATION_LEVEL = 0;
				GCC_PREPROCESSOR_DEFINITIONS = (
					"DEBUG=1",
					"$(inherited)",
				);
				GCC_WARN_64_TO_32_BIT_CONVERSION = YES;
				GCC_WARN_ABOUT_RETURN_TYPE = YES_ERROR;
				GCC_WARN_UNDECLARED_SELECTOR = YES;
				GCC_WARN_UNINITIALIZED_AUTOS = YES_AGGRESSIVE;
				GCC_WARN_UNUSED_FUNCTION = YES;
				GCC_WARN_UNUSED_VARIABLE = YES;
				IPHONEOS_DEPLOYMENT_TARGET = 10.2;
				MTL_ENABLE_DEBUG_INFO = YES;
				ONLY_ACTIVE_ARCH = YES;
				SDKROOT = iphoneos;
				SWIFT_ACTIVE_COMPILATION_CONDITIONS = DEBUG;
				SWIFT_OPTIMIZATION_LEVEL = "-Onone";
				TARGETED_DEVICE_FAMILY = "1,2";
			};
			name = Debug;
		};
		A94CEA691E800AD70079D31C /* Release */ = {
			isa = XCBuildConfiguration;
			buildSettings = {
				ALWAYS_SEARCH_USER_PATHS = NO;
				CLANG_ANALYZER_NONNULL = YES;
				CLANG_CXX_LANGUAGE_STANDARD = "gnu++0x";
				CLANG_CXX_LIBRARY = "libc++";
				CLANG_ENABLE_MODULES = YES;
				CLANG_ENABLE_OBJC_ARC = YES;
				CLANG_WARN_BOOL_CONVERSION = YES;
				CLANG_WARN_CONSTANT_CONVERSION = YES;
				CLANG_WARN_DIRECT_OBJC_ISA_USAGE = YES_ERROR;
				CLANG_WARN_DOCUMENTATION_COMMENTS = YES;
				CLANG_WARN_EMPTY_BODY = YES;
				CLANG_WARN_ENUM_CONVERSION = YES;
				CLANG_WARN_INFINITE_RECURSION = YES;
				CLANG_WARN_INT_CONVERSION = YES;
				CLANG_WARN_OBJC_ROOT_CLASS = YES_ERROR;
				CLANG_WARN_SUSPICIOUS_MOVE = YES;
				CLANG_WARN_UNREACHABLE_CODE = YES;
				CLANG_WARN__DUPLICATE_METHOD_MATCH = YES;
				"CODE_SIGN_IDENTITY[sdk=iphoneos*]" = "iPhone Developer";
				COPY_PHASE_STRIP = NO;
				DEBUG_INFORMATION_FORMAT = "dwarf-with-dsym";
				ENABLE_NS_ASSERTIONS = NO;
				ENABLE_STRICT_OBJC_MSGSEND = YES;
				GCC_C_LANGUAGE_STANDARD = gnu99;
				GCC_NO_COMMON_BLOCKS = YES;
				GCC_WARN_64_TO_32_BIT_CONVERSION = YES;
				GCC_WARN_ABOUT_RETURN_TYPE = YES_ERROR;
				GCC_WARN_UNDECLARED_SELECTOR = YES;
				GCC_WARN_UNINITIALIZED_AUTOS = YES_AGGRESSIVE;
				GCC_WARN_UNUSED_FUNCTION = YES;
				GCC_WARN_UNUSED_VARIABLE = YES;
				IPHONEOS_DEPLOYMENT_TARGET = 10.2;
				MTL_ENABLE_DEBUG_INFO = NO;
				SDKROOT = iphoneos;
				SWIFT_OPTIMIZATION_LEVEL = "-Owholemodule";
				TARGETED_DEVICE_FAMILY = "1,2";
				VALIDATE_PRODUCT = YES;
			};
			name = Release;
		};
		A94CEA6B1E800AD70079D31C /* Debug */ = {
			isa = XCBuildConfiguration;
			baseConfigurationReference = C004B1A87AE429358EF64198 /* Pods-MyFrameworkTestPK.debug.xcconfig */;
			buildSettings = {
				ASSETCATALOG_COMPILER_APPICON_NAME = AppIcon;
				DEVELOPMENT_TEAM = NSX254PG58;
				INFOPLIST_FILE = MyFrameworkTestPK/Info.plist;
				LD_RUNPATH_SEARCH_PATHS = "$(inherited) @executable_path/Frameworks";
				PRODUCT_BUNDLE_IDENTIFIER = pratik.MyFrameworkTestPK;
				PRODUCT_NAME = "$(TARGET_NAME)";
				SWIFT_VERSION = 3.0;
			};
			name = Debug;
		};
		A94CEA6C1E800AD70079D31C /* Release */ = {
			isa = XCBuildConfiguration;
			baseConfigurationReference = 8BC675B9A18B791D99F11522 /* Pods-MyFrameworkTestPK.release.xcconfig */;
			buildSettings = {
				ASSETCATALOG_COMPILER_APPICON_NAME = AppIcon;
				DEVELOPMENT_TEAM = NSX254PG58;
				INFOPLIST_FILE = MyFrameworkTestPK/Info.plist;
				LD_RUNPATH_SEARCH_PATHS = "$(inherited) @executable_path/Frameworks";
				PRODUCT_BUNDLE_IDENTIFIER = pratik.MyFrameworkTestPK;
				PRODUCT_NAME = "$(TARGET_NAME)";
				SWIFT_VERSION = 3.0;
			};
			name = Release;
		};
		A94CEA6E1E800AD70079D31C /* Debug */ = {
			isa = XCBuildConfiguration;
			baseConfigurationReference = 618284CD23181F0FFFF1D212 /* Pods-MyFrameworkTestPKTests.debug.xcconfig */;
			buildSettings = {
				ALWAYS_EMBED_SWIFT_STANDARD_LIBRARIES = YES;
				BUNDLE_LOADER = "$(TEST_HOST)";
				DEVELOPMENT_TEAM = NSX254PG58;
				INFOPLIST_FILE = MyFrameworkTestPKTests/Info.plist;
				LD_RUNPATH_SEARCH_PATHS = "$(inherited) @executable_path/Frameworks @loader_path/Frameworks";
				PRODUCT_BUNDLE_IDENTIFIER = pratik.MyFrameworkTestPKTests;
				PRODUCT_NAME = "$(TARGET_NAME)";
				SWIFT_VERSION = 3.0;
				TEST_HOST = "$(BUILT_PRODUCTS_DIR)/MyFrameworkTestPK.app/MyFrameworkTestPK";
			};
			name = Debug;
		};
		A94CEA6F1E800AD70079D31C /* Release */ = {
			isa = XCBuildConfiguration;
			baseConfigurationReference = 6494F55E5B18F66CB2CB3E7A /* Pods-MyFrameworkTestPKTests.release.xcconfig */;
			buildSettings = {
				ALWAYS_EMBED_SWIFT_STANDARD_LIBRARIES = YES;
				BUNDLE_LOADER = "$(TEST_HOST)";
				DEVELOPMENT_TEAM = NSX254PG58;
				INFOPLIST_FILE = MyFrameworkTestPKTests/Info.plist;
				LD_RUNPATH_SEARCH_PATHS = "$(inherited) @executable_path/Frameworks @loader_path/Frameworks";
				PRODUCT_BUNDLE_IDENTIFIER = pratik.MyFrameworkTestPKTests;
				PRODUCT_NAME = "$(TARGET_NAME)";
				SWIFT_VERSION = 3.0;
				TEST_HOST = "$(BUILT_PRODUCTS_DIR)/MyFrameworkTestPK.app/MyFrameworkTestPK";
			};
			name = Release;
		};
		A94CEA711E800AD70079D31C /* Debug */ = {
			isa = XCBuildConfiguration;
			baseConfigurationReference = D9485323A08E6DD38D8B66EF /* Pods-MyFrameworkTestPKUITests.debug.xcconfig */;
			buildSettings = {
				ALWAYS_EMBED_SWIFT_STANDARD_LIBRARIES = YES;
				DEVELOPMENT_TEAM = NSX254PG58;
				INFOPLIST_FILE = MyFrameworkTestPKUITests/Info.plist;
				LD_RUNPATH_SEARCH_PATHS = "$(inherited) @executable_path/Frameworks @loader_path/Frameworks";
				PRODUCT_BUNDLE_IDENTIFIER = pratik.MyFrameworkTestPKUITests;
				PRODUCT_NAME = "$(TARGET_NAME)";
				SWIFT_VERSION = 3.0;
				TEST_TARGET_NAME = MyFrameworkTestPK;
			};
			name = Debug;
		};
		A94CEA721E800AD70079D31C /* Release */ = {
			isa = XCBuildConfiguration;
			baseConfigurationReference = BC9F7112A1CE5407F1347088 /* Pods-MyFrameworkTestPKUITests.release.xcconfig */;
			buildSettings = {
				ALWAYS_EMBED_SWIFT_STANDARD_LIBRARIES = YES;
				DEVELOPMENT_TEAM = NSX254PG58;
				INFOPLIST_FILE = MyFrameworkTestPKUITests/Info.plist;
				LD_RUNPATH_SEARCH_PATHS = "$(inherited) @executable_path/Frameworks @loader_path/Frameworks";
				PRODUCT_BUNDLE_IDENTIFIER = pratik.MyFrameworkTestPKUITests;
				PRODUCT_NAME = "$(TARGET_NAME)";
				SWIFT_VERSION = 3.0;
				TEST_TARGET_NAME = MyFrameworkTestPK;
			};
			name = Release;
		};
/* End XCBuildConfiguration section */

/* Begin XCConfigurationList section */
		A94CEA3D1E800AD70079D31C /* Build configuration list for PBXProject "MyFrameworkTestPK" */ = {
			isa = XCConfigurationList;
			buildConfigurations = (
				A94CEA681E800AD70079D31C /* Debug */,
				A94CEA691E800AD70079D31C /* Release */,
			);
			defaultConfigurationIsVisible = 0;
			defaultConfigurationName = Release;
		};
		A94CEA6A1E800AD70079D31C /* Build configuration list for PBXNativeTarget "MyFrameworkTestPK" */ = {
			isa = XCConfigurationList;
			buildConfigurations = (
				A94CEA6B1E800AD70079D31C /* Debug */,
				A94CEA6C1E800AD70079D31C /* Release */,
			);
			defaultConfigurationIsVisible = 0;
		};
		A94CEA6D1E800AD70079D31C /* Build configuration list for PBXNativeTarget "MyFrameworkTestPKTests" */ = {
			isa = XCConfigurationList;
			buildConfigurations = (
				A94CEA6E1E800AD70079D31C /* Debug */,
				A94CEA6F1E800AD70079D31C /* Release */,
			);
			defaultConfigurationIsVisible = 0;
		};
		A94CEA701E800AD70079D31C /* Build configuration list for PBXNativeTarget "MyFrameworkTestPKUITests" */ = {
			isa = XCConfigurationList;
			buildConfigurations = (
				A94CEA711E800AD70079D31C /* Debug */,
				A94CEA721E800AD70079D31C /* Release */,
			);
			defaultConfigurationIsVisible = 0;
		};
/* End XCConfigurationList section */
	};
	rootObject = A94CEA3A1E800AD70079D31C /* Project object */;
}
